
Microsoft Visual Studio Solution File, Format Version 12.00
# Visual Studio 15
VisualStudioVersion = 15.0.28307.102
MinimumVisualStudioVersion = 10.0.40219.1
Project("{FAE04EC0-301F-11D3-BF4B-00C04F79EFBC}") = "Проверка ввода логина(Удалов)", "Проверка ввода логина(Удалов)\Проверка ввода логина(Удалов).csproj", "{4F3D2079-EFF5-4B71-9824-3E0AB5D4DB12}"
EndProject
Project("{FAE04EC0-301F-11D3-BF4B-00C04F79EFBC}") = "Разраблтать статический класс Message(Удалов)", "Разраблтать статический класс Message(Удалов)\Разраблтать статический класс Message(Удалов).csproj", "{3837A6DF-F400-4E9C-ACDB-26B889867D90}"
EndProject
Global
	GlobalSection(SolutionConfigurationPlatforms) = preSolution
		Debug|Any CPU = Debug|Any CPU
		Release|Any CPU = Release|Any CPU
	EndGlobalSection
	GlobalSection(ProjectConfigurationPlatforms) = postSolution
		{4F3D2079-EFF5-4B71-9824-3E0AB5D4DB12}.Debug|Any CPU.ActiveCfg = Debug|Any CPU
		{4F3D2079-EFF5-4B71-9824-3E0AB5D4DB12}.Debug|Any CPU.Build.0 = Debug|Any CPU
		{4F3D2079-EFF5-4B71-9824-3E0AB5D4DB12}.Release|Any CPU.ActiveCfg = Release|Any CPU
		{4F3D2079-EFF5-4B71-9824-3E0AB5D4DB12}.Release|Any CPU.Build.0 = Release|Any CPU
		{3837A6DF-F400-4E9C-ACDB-26B889867D90}.Debug|Any CPU.ActiveCfg = Debug|Any CPU
		{3837A6DF-F400-4E9C-ACDB-26B889867D90}.Debug|Any CPU.Build.0 = Debug|Any CPU
		{3837A6DF-F400-4E9C-ACDB-26B889867D90}.Release|Any CPU.ActiveCfg = Release|Any CPU
		{3837A6DF-F400-4E9C-ACDB-26B889867D90}.Release|Any CPU.Build.0 = Release|Any CPU
	EndGlobalSection
	GlobalSection(SolutionProperties) = preSolution
		HideSolutionNode = FALSE
	EndGlobalSection
	GlobalSection(ExtensibilityGlobals) = postSolution
		SolutionGuid = {03DCA309-0615-42A4-8C9F-1637B1042470}
	EndGlobalSection
EndGlobal
